
Microsoft Visual Studio Solution File, Format Version 12.00
# Visual Studio Version 17
VisualStudioVersion = 17.8.34330.188
MinimumVisualStudioVersion = 10.0.40219.1
Project("{9A19103F-16F7-4668-BE54-9A1E7A4F7556}") = "FFTMS.RazorPages", "FFTMS.RazorPages\FFTMS.RazorPages.csproj", "{6B5A664D-F3D9-4DDB-B17F-CA7A598873E4}"
EndProject
Project("{9A19103F-16F7-4668-BE54-9A1E7A4F7556}") = "FlowerFarmTaskManagementSystem.API", "FlowerFarmTaskManagementSystem.API\FlowerFarmTaskManagementSystem.API.csproj", "{C832DD89-6939-48CD-AD77-F5E3DF188589}"
EndProject
Project("{9A19103F-16F7-4668-BE54-9A1E7A4F7556}") = "FlowerFarmTaskManagementSystem.BusinessObject", "FlowerFarmTaskManagementSystem.BusinessObject\FlowerFarmTaskManagementSystem.BusinessObject.csproj", "{0BB8674C-87EA-4878-A1AA-49898656C65E}"
EndProject
Project("{9A19103F-16F7-4668-BE54-9A1E7A4F7556}") = "FlowerFarmTaskManagementSystem.DataAccess", "FlowerFarmTaskManagementSystem.DataAccess\FlowerFarmTaskManagementSystem.DataAccess.csproj", "{7F575C99-3260-4B09-A4AA-A0FF7B1380FF}"
EndProject
Project("{9A19103F-16F7-4668-BE54-9A1E7A4F7556}") = "FlowerFarmTaskManagementSystem.BusinessLogic", "FlowerFarmTaskManagementSystem.BusinessLogic\FlowerFarmTaskManagementSystem.BusinessLogic.csproj", "{9D22C4E0-5E3E-47BF-8610-D24D073379F3}"
EndProject
Project("{9A19103F-16F7-4668-BE54-9A1E7A4F7556}") = "FlowerFarmTaskManagementSystem.APIWithOdata", "FlowerFarmTaskManagementSystem.APIWithOdata\FlowerFarmTaskManagementSystem.APIWithOdata.csproj", "{77DE0837-0646-4FC4-A40A-32958A561A08}"
EndProject
Global
	GlobalSection(SolutionConfigurationPlatforms) = preSolution
		Debug|Any CPU = Debug|Any CPU
		Release|Any CPU = Release|Any CPU
	EndGlobalSection
	GlobalSection(ProjectConfigurationPlatforms) = postSolution
		{6B5A664D-F3D9-4DDB-B17F-CA7A598873E4}.Debug|Any CPU.ActiveCfg = Debug|Any CPU
		{6B5A664D-F3D9-4DDB-B17F-CA7A598873E4}.Debug|Any CPU.Build.0 = Debug|Any CPU
		{6B5A664D-F3D9-4DDB-B17F-CA7A598873E4}.Release|Any CPU.ActiveCfg = Release|Any CPU
		{6B5A664D-F3D9-4DDB-B17F-CA7A598873E4}.Release|Any CPU.Build.0 = Release|Any CPU
		{C832DD89-6939-48CD-AD77-F5E3DF188589}.Debug|Any CPU.ActiveCfg = Debug|Any CPU
		{C832DD89-6939-48CD-AD77-F5E3DF188589}.Debug|Any CPU.Build.0 = Debug|Any CPU
		{C832DD89-6939-48CD-AD77-F5E3DF188589}.Release|Any CPU.ActiveCfg = Release|Any CPU
		{C832DD89-6939-48CD-AD77-F5E3DF188589}.Release|Any CPU.Build.0 = Release|Any CPU
		{0BB8674C-87EA-4878-A1AA-49898656C65E}.Debug|Any CPU.ActiveCfg = Debug|Any CPU
		{0BB8674C-87EA-4878-A1AA-49898656C65E}.Debug|Any CPU.Build.0 = Debug|Any CPU
		{0BB8674C-87EA-4878-A1AA-49898656C65E}.Release|Any CPU.ActiveCfg = Release|Any CPU
		{0BB8674C-87EA-4878-A1AA-49898656C65E}.Release|Any CPU.Build.0 = Release|Any CPU
		{7F575C99-3260-4B09-A4AA-A0FF7B1380FF}.Debug|Any CPU.ActiveCfg = Debug|Any CPU
		{7F575C99-3260-4B09-A4AA-A0FF7B1380FF}.Debug|Any CPU.Build.0 = Debug|Any CPU
		{7F575C99-3260-4B09-A4AA-A0FF7B1380FF}.Release|Any CPU.ActiveCfg = Release|Any CPU
		{7F575C99-3260-4B09-A4AA-A0FF7B1380FF}.Release|Any CPU.Build.0 = Release|Any CPU
		{9D22C4E0-5E3E-47BF-8610-D24D073379F3}.Debug|Any CPU.ActiveCfg = Debug|Any CPU
		{9D22C4E0-5E3E-47BF-8610-D24D073379F3}.Debug|Any CPU.Build.0 = Debug|Any CPU
		{9D22C4E0-5E3E-47BF-8610-D24D073379F3}.Release|Any CPU.ActiveCfg = Release|Any CPU
		{9D22C4E0-5E3E-47BF-8610-D24D073379F3}.Release|Any CPU.Build.0 = Release|Any CPU
		{77DE0837-0646-4FC4-A40A-32958A561A08}.Debug|Any CPU.ActiveCfg = Debug|Any CPU
		{77DE0837-0646-4FC4-A40A-32958A561A08}.Debug|Any CPU.Build.0 = Debug|Any CPU
		{77DE0837-0646-4FC4-A40A-32958A561A08}.Release|Any CPU.ActiveCfg = Release|Any CPU
		{77DE0837-0646-4FC4-A40A-32958A561A08}.Release|Any CPU.Build.0 = Release|Any CPU
	EndGlobalSection
	GlobalSection(SolutionProperties) = preSolution
		HideSolutionNode = FALSE
	EndGlobalSection
	GlobalSection(ExtensibilityGlobals) = postSolution
		SolutionGuid = {FB89912E-D20B-4698-B62D-21477A4B4ADD}
	EndGlobalSection
EndGlobal
